
Microsoft Visual Studio Solution File, Format Version 12.00
# Visual Studio 15
VisualStudioVersion = 15.0.27428.2002
MinimumVisualStudioVersion = 10.0.40219.1
Project("{2150E333-8FDC-42A3-9474-1A3956D46DE8}") = "Solution Items", "Solution Items", "{0CEE2DC6-6D6C-4C75-A1E9-81BADA4AE912}"
	ProjectSection(SolutionItems) = preProject
		.dockerignore = .dockerignore
		.gitattributes = .gitattributes
		.gitignore = .gitignore
		common.props = common.props
		version.props = version.props
	EndProjectSection
EndProject
Project("{2150E333-8FDC-42A3-9474-1A3956D46DE8}") = "src", "src", "{C3A140D7-4FF4-4BFC-84E1-7BFE5E10BD24}"
EndProject
Project("{2150E333-8FDC-42A3-9474-1A3956D46DE8}") = "test", "test", "{7D8F4061-A053-4450-9917-0687BF608E82}"
EndProject
Project("{9A19103F-16F7-4668-BE54-9A1E7A4F7556}") = "SnowLeopard", "src\SnowLeopard\SnowLeopard.csproj", "{FDA1E49D-DB97-481D-A1FB-BACD9DA85B29}"
EndProject
Project("{9A19103F-16F7-4668-BE54-9A1E7A4F7556}") = "SnowLeopard.Console", "test\SnowLeopard.Console\SnowLeopard.Console.csproj", "{37799260-A466-4FD5-957D-2CC84307AD6E}"
EndProject
Project("{E53339B2-1760-4266-BCC7-CA923CBCF16C}") = "docker-compose", "docker\docker-compose.dcproj", "{59000BBC-A70C-4EEF-AC84-F9D9785354E6}"
EndProject
Project("{9A19103F-16F7-4668-BE54-9A1E7A4F7556}") = "SnowLeopard.Model", "src\SnowLeopard.Model\SnowLeopard.Model.csproj", "{5732D7F1-9FCF-4D46-BE01-FDBC321A197D}"
EndProject
Project("{9A19103F-16F7-4668-BE54-9A1E7A4F7556}") = "SnowLeopard.Mongo", "src\SnowLeopard.Mongo\SnowLeopard.Mongo.csproj", "{929432F6-6696-4810-86A3-A64E5D261225}"
EndProject
Project("{9A19103F-16F7-4668-BE54-9A1E7A4F7556}") = "SnowLeopard.Lynx", "src\SnowLeopard.Lynx\SnowLeopard.Lynx.csproj", "{7E531AC2-375B-41A3-A60E-F5640BC98B02}"
EndProject
Project("{9A19103F-16F7-4668-BE54-9A1E7A4F7556}") = "SnowLeopard.Lynx.ConsoleTest", "test\SnowLeopard.Lynx.ConsoleTest\SnowLeopard.Lynx.ConsoleTest.csproj", "{289BC5C4-7E40-4F09-9A70-77A0A6FB2314}"
EndProject
Project("{9A19103F-16F7-4668-BE54-9A1E7A4F7556}") = "SnowLeopard.Lynx.UnitTest", "test\SnowLeopard.Lynx.UnitTest\SnowLeopard.Lynx.UnitTest.csproj", "{C1AA62D8-5CCE-4E6E-8C80-F495273ABFE0}"
EndProject
Project("{2150E333-8FDC-42A3-9474-1A3956D46DE8}") = "sample", "sample", "{6CA31C17-DCBC-467D-BFDA-BCBD32E6167F}"
EndProject
Project("{9A19103F-16F7-4668-BE54-9A1E7A4F7556}") = "SnowLeopard.WebApi", "sample\SnowLeopard.WebApi\SnowLeopard.WebApi.csproj", "{3D21E2C9-D113-45DA-93C3-49599BEA41A9}"
EndProject
Project("{9A19103F-16F7-4668-BE54-9A1E7A4F7556}") = "SnowLeopard.FastDFS", "src\SnowLeopard.FastDFS\SnowLeopard.FastDFS.csproj", "{61BD106E-84A9-4980-AD19-3FD750056F83}"
EndProject
Project("{9A19103F-16F7-4668-BE54-9A1E7A4F7556}") = "SnowLeopard.Redis", "src\SnowLeopard.Redis\SnowLeopard.Redis.csproj", "{2207D62B-5011-478A-A853-3D3B0EC18500}"
EndProject
Project("{9A19103F-16F7-4668-BE54-9A1E7A4F7556}") = "SnowLeopard.Redis.ConsoleTest", "test\SnowLeopard.Redis.ConsoleTest\SnowLeopard.Redis.ConsoleTest.csproj", "{4AC983DE-077F-4ED2-BDC4-6CC7AE8C0346}"
EndProject
Global
	GlobalSection(SolutionConfigurationPlatforms) = preSolution
		Debug|Any CPU = Debug|Any CPU
		Release|Any CPU = Release|Any CPU
	EndGlobalSection
	GlobalSection(ProjectConfigurationPlatforms) = postSolution
		{FDA1E49D-DB97-481D-A1FB-BACD9DA85B29}.Debug|Any CPU.ActiveCfg = Debug|Any CPU
		{FDA1E49D-DB97-481D-A1FB-BACD9DA85B29}.Debug|Any CPU.Build.0 = Debug|Any CPU
		{FDA1E49D-DB97-481D-A1FB-BACD9DA85B29}.Release|Any CPU.ActiveCfg = Release|Any CPU
		{FDA1E49D-DB97-481D-A1FB-BACD9DA85B29}.Release|Any CPU.Build.0 = Release|Any CPU
		{37799260-A466-4FD5-957D-2CC84307AD6E}.Debug|Any CPU.ActiveCfg = Debug|Any CPU
		{37799260-A466-4FD5-957D-2CC84307AD6E}.Debug|Any CPU.Build.0 = Debug|Any CPU
		{37799260-A466-4FD5-957D-2CC84307AD6E}.Release|Any CPU.ActiveCfg = Release|Any CPU
		{37799260-A466-4FD5-957D-2CC84307AD6E}.Release|Any CPU.Build.0 = Release|Any CPU
		{59000BBC-A70C-4EEF-AC84-F9D9785354E6}.Debug|Any CPU.ActiveCfg = Debug|Any CPU
		{59000BBC-A70C-4EEF-AC84-F9D9785354E6}.Debug|Any CPU.Build.0 = Debug|Any CPU
		{59000BBC-A70C-4EEF-AC84-F9D9785354E6}.Release|Any CPU.ActiveCfg = Release|Any CPU
		{59000BBC-A70C-4EEF-AC84-F9D9785354E6}.Release|Any CPU.Build.0 = Release|Any CPU
		{5732D7F1-9FCF-4D46-BE01-FDBC321A197D}.Debug|Any CPU.ActiveCfg = Debug|Any CPU
		{5732D7F1-9FCF-4D46-BE01-FDBC321A197D}.Debug|Any CPU.Build.0 = Debug|Any CPU
		{5732D7F1-9FCF-4D46-BE01-FDBC321A197D}.Release|Any CPU.ActiveCfg = Release|Any CPU
		{5732D7F1-9FCF-4D46-BE01-FDBC321A197D}.Release|Any CPU.Build.0 = Release|Any CPU
		{929432F6-6696-4810-86A3-A64E5D261225}.Debug|Any CPU.ActiveCfg = Debug|Any CPU
		{929432F6-6696-4810-86A3-A64E5D261225}.Debug|Any CPU.Build.0 = Debug|Any CPU
		{929432F6-6696-4810-86A3-A64E5D261225}.Release|Any CPU.ActiveCfg = Release|Any CPU
		{929432F6-6696-4810-86A3-A64E5D261225}.Release|Any CPU.Build.0 = Release|Any CPU
		{7E531AC2-375B-41A3-A60E-F5640BC98B02}.Debug|Any CPU.ActiveCfg = Debug|Any CPU
		{7E531AC2-375B-41A3-A60E-F5640BC98B02}.Debug|Any CPU.Build.0 = Debug|Any CPU
		{7E531AC2-375B-41A3-A60E-F5640BC98B02}.Release|Any CPU.ActiveCfg = Release|Any CPU
		{7E531AC2-375B-41A3-A60E-F5640BC98B02}.Release|Any CPU.Build.0 = Release|Any CPU
		{289BC5C4-7E40-4F09-9A70-77A0A6FB2314}.Debug|Any CPU.ActiveCfg = Debug|Any CPU
		{289BC5C4-7E40-4F09-9A70-77A0A6FB2314}.Debug|Any CPU.Build.0 = Debug|Any CPU
		{289BC5C4-7E40-4F09-9A70-77A0A6FB2314}.Release|Any CPU.ActiveCfg = Release|Any CPU
		{289BC5C4-7E40-4F09-9A70-77A0A6FB2314}.Release|Any CPU.Build.0 = Release|Any CPU
		{C1AA62D8-5CCE-4E6E-8C80-F495273ABFE0}.Debug|Any CPU.ActiveCfg = Debug|Any CPU
		{C1AA62D8-5CCE-4E6E-8C80-F495273ABFE0}.Debug|Any CPU.Build.0 = Debug|Any CPU
		{C1AA62D8-5CCE-4E6E-8C80-F495273ABFE0}.Release|Any CPU.ActiveCfg = Release|Any CPU
		{C1AA62D8-5CCE-4E6E-8C80-F495273ABFE0}.Release|Any CPU.Build.0 = Release|Any CPU
		{3D21E2C9-D113-45DA-93C3-49599BEA41A9}.Debug|Any CPU.ActiveCfg = Debug|Any CPU
		{3D21E2C9-D113-45DA-93C3-49599BEA41A9}.Debug|Any CPU.Build.0 = Debug|Any CPU
		{3D21E2C9-D113-45DA-93C3-49599BEA41A9}.Release|Any CPU.ActiveCfg = Release|Any CPU
		{3D21E2C9-D113-45DA-93C3-49599BEA41A9}.Release|Any CPU.Build.0 = Release|Any CPU
		{61BD106E-84A9-4980-AD19-3FD750056F83}.Debug|Any CPU.ActiveCfg = Debug|Any CPU
		{61BD106E-84A9-4980-AD19-3FD750056F83}.Debug|Any CPU.Build.0 = Debug|Any CPU
		{61BD106E-84A9-4980-AD19-3FD750056F83}.Release|Any CPU.ActiveCfg = Release|Any CPU
		{61BD106E-84A9-4980-AD19-3FD750056F83}.Release|Any CPU.Build.0 = Release|Any CPU
		{2207D62B-5011-478A-A853-3D3B0EC18500}.Debug|Any CPU.ActiveCfg = Debug|Any CPU
		{2207D62B-5011-478A-A853-3D3B0EC18500}.Debug|Any CPU.Build.0 = Debug|Any CPU
		{2207D62B-5011-478A-A853-3D3B0EC18500}.Release|Any CPU.ActiveCfg = Release|Any CPU
		{2207D62B-5011-478A-A853-3D3B0EC18500}.Release|Any CPU.Build.0 = Release|Any CPU
		{4AC983DE-077F-4ED2-BDC4-6CC7AE8C0346}.Debug|Any CPU.ActiveCfg = Debug|Any CPU
		{4AC983DE-077F-4ED2-BDC4-6CC7AE8C0346}.Debug|Any CPU.Build.0 = Debug|Any CPU
		{4AC983DE-077F-4ED2-BDC4-6CC7AE8C0346}.Release|Any CPU.ActiveCfg = Release|Any CPU
		{4AC983DE-077F-4ED2-BDC4-6CC7AE8C0346}.Release|Any CPU.Build.0 = Release|Any CPU
	EndGlobalSection
	GlobalSection(SolutionProperties) = preSolution
		HideSolutionNode = FALSE
	EndGlobalSection
	GlobalSection(NestedProjects) = preSolution
		{FDA1E49D-DB97-481D-A1FB-BACD9DA85B29} = {C3A140D7-4FF4-4BFC-84E1-7BFE5E10BD24}
		{37799260-A466-4FD5-957D-2CC84307AD6E} = {7D8F4061-A053-4450-9917-0687BF608E82}
		{59000BBC-A70C-4EEF-AC84-F9D9785354E6} = {C3A140D7-4FF4-4BFC-84E1-7BFE5E10BD24}
		{5732D7F1-9FCF-4D46-BE01-FDBC321A197D} = {C3A140D7-4FF4-4BFC-84E1-7BFE5E10BD24}
		{929432F6-6696-4810-86A3-A64E5D261225} = {C3A140D7-4FF4-4BFC-84E1-7BFE5E10BD24}
		{7E531AC2-375B-41A3-A60E-F5640BC98B02} = {C3A140D7-4FF4-4BFC-84E1-7BFE5E10BD24}
		{289BC5C4-7E40-4F09-9A70-77A0A6FB2314} = {7D8F4061-A053-4450-9917-0687BF608E82}
		{C1AA62D8-5CCE-4E6E-8C80-F495273ABFE0} = {7D8F4061-A053-4450-9917-0687BF608E82}
		{3D21E2C9-D113-45DA-93C3-49599BEA41A9} = {6CA31C17-DCBC-467D-BFDA-BCBD32E6167F}
		{61BD106E-84A9-4980-AD19-3FD750056F83} = {C3A140D7-4FF4-4BFC-84E1-7BFE5E10BD24}
		{2207D62B-5011-478A-A853-3D3B0EC18500} = {C3A140D7-4FF4-4BFC-84E1-7BFE5E10BD24}
		{4AC983DE-077F-4ED2-BDC4-6CC7AE8C0346} = {7D8F4061-A053-4450-9917-0687BF608E82}
	EndGlobalSection
	GlobalSection(ExtensibilityGlobals) = postSolution
		SolutionGuid = {C818AB9D-C1C2-4DFA-B615-D5CB147E1306}
	EndGlobalSection
EndGlobal
