
Microsoft Visual Studio Solution File, Format Version 12.00
# Visual Studio 15
VisualStudioVersion = 15.0.27428.2002
MinimumVisualStudioVersion = 10.0.40219.1
Project("{9A19103F-16F7-4668-BE54-9A1E7A4F7556}") = "SnowLeopard", "SnowLeopard\SnowLeopard.csproj", "{80349260-DD15-4116-AF3E-930EB668A8D9}"
EndProject
Project("{9A19103F-16F7-4668-BE54-9A1E7A4F7556}") = "SnowLeopard.Console", "SnowLeopard.Console\SnowLeopard.Console.csproj", "{79C9094D-ABDD-46AE-AD71-16BCAFE2FE0E}"
EndProject
Project("{2150E333-8FDC-42A3-9474-1A3956D46DE8}") = "Solution Items", "Solution Items", "{0CEE2DC6-6D6C-4C75-A1E9-81BADA4AE912}"
	ProjectSection(SolutionItems) = preProject
		.gitattributes = .gitattributes
		.gitignore = .gitignore
		version.props = version.props
	EndProjectSection
EndProject
Project("{FAE04EC0-301F-11D3-BF4B-00C04F79EFBC}") = "SnowLeopard.WebApi", "src\test\SnowLeopard.WebApi\SnowLeopard.WebApi.csproj", "{88736F5A-6E96-4764-B96F-A95137651F82}"
EndProject
Project("{E53339B2-1760-4266-BCC7-CA923CBCF16C}") = "docker-compose", "docker-compose.dcproj", "{59000BBC-A70C-4EEF-AC84-F9D9785354E6}"
EndProject
Global
	GlobalSection(SolutionConfigurationPlatforms) = preSolution
		Debug|Any CPU = Debug|Any CPU
		Release|Any CPU = Release|Any CPU
	EndGlobalSection
	GlobalSection(ProjectConfigurationPlatforms) = postSolution
		{80349260-DD15-4116-AF3E-930EB668A8D9}.Debug|Any CPU.ActiveCfg = Debug|Any CPU
		{80349260-DD15-4116-AF3E-930EB668A8D9}.Debug|Any CPU.Build.0 = Debug|Any CPU
		{80349260-DD15-4116-AF3E-930EB668A8D9}.Release|Any CPU.ActiveCfg = Release|Any CPU
		{80349260-DD15-4116-AF3E-930EB668A8D9}.Release|Any CPU.Build.0 = Release|Any CPU
		{79C9094D-ABDD-46AE-AD71-16BCAFE2FE0E}.Debug|Any CPU.ActiveCfg = Debug|Any CPU
		{79C9094D-ABDD-46AE-AD71-16BCAFE2FE0E}.Debug|Any CPU.Build.0 = Debug|Any CPU
		{79C9094D-ABDD-46AE-AD71-16BCAFE2FE0E}.Release|Any CPU.ActiveCfg = Release|Any CPU
		{79C9094D-ABDD-46AE-AD71-16BCAFE2FE0E}.Release|Any CPU.Build.0 = Release|Any CPU
		{88736F5A-6E96-4764-B96F-A95137651F82}.Debug|Any CPU.ActiveCfg = Debug|Any CPU
		{88736F5A-6E96-4764-B96F-A95137651F82}.Debug|Any CPU.Build.0 = Debug|Any CPU
		{88736F5A-6E96-4764-B96F-A95137651F82}.Release|Any CPU.ActiveCfg = Release|Any CPU
		{88736F5A-6E96-4764-B96F-A95137651F82}.Release|Any CPU.Build.0 = Release|Any CPU
		{59000BBC-A70C-4EEF-AC84-F9D9785354E6}.Debug|Any CPU.ActiveCfg = Debug|Any CPU
		{59000BBC-A70C-4EEF-AC84-F9D9785354E6}.Debug|Any CPU.Build.0 = Debug|Any CPU
		{59000BBC-A70C-4EEF-AC84-F9D9785354E6}.Release|Any CPU.ActiveCfg = Release|Any CPU
		{59000BBC-A70C-4EEF-AC84-F9D9785354E6}.Release|Any CPU.Build.0 = Release|Any CPU
	EndGlobalSection
	GlobalSection(SolutionProperties) = preSolution
		HideSolutionNode = FALSE
	EndGlobalSection
	GlobalSection(ExtensibilityGlobals) = postSolution
		SolutionGuid = {C818AB9D-C1C2-4DFA-B615-D5CB147E1306}
	EndGlobalSection
EndGlobal
